# THIS IS AN AUTOGENERATED FILE. DO NOT EDIT THIS FILE DIRECTLY.
# yarn lockfile v1


cypress-iframe@^1.0.1:
  version "1.0.1"
  resolved "https://registry.yarnpkg.com/cypress-iframe/-/cypress-iframe-1.0.1.tgz#2a286cfd47a240aa9af0ad9f339f4c6f942089f8"
  integrity sha512-Ne+xkZmWMhfq3x6wbfzK/SzsVTCrJru3R3cLXsoSAZyfUtJDamXyaIieHXeea3pQDXF4wE2w4iUuvCYHhoD31g==
